// !$*UTF8*$!
{
	archiveVersion = 1;
	classes = {
	};
	objectVersion = 56;
	objects = {

/* Begin PBXBuildFile section */
		6BC4241529D23D6E00F6EEAB /* AppDelegate.swift in Sources */ = {isa = PBXBuildFile; fileRef = 6BC4241429D23D6E00F6EEAB /* AppDelegate.swift */; };
		6BC4241729D23D6E00F6EEAB /* SceneDelegate.swift in Sources */ = {isa = PBXBuildFile; fileRef = 6BC4241629D23D6E00F6EEAB /* SceneDelegate.swift */; };
		6BC4241929D23D6E00F6EEAB /* ViewController.swift in Sources */ = {isa = PBXBuildFile; fileRef = 6BC4241829D23D6E00F6EEAB /* ViewController.swift */; };
		6BC4241E29D23D7000F6EEAB /* Assets.xcassets in Resources */ = {isa = PBXBuildFile; fileRef = 6BC4241D29D23D7000F6EEAB /* Assets.xcassets */; };
		6BC4242129D23D7000F6EEAB /* LaunchScreen.storyboard in Resources */ = {isa = PBXBuildFile; fileRef = 6BC4241F29D23D7000F6EEAB /* LaunchScreen.storyboard */; };
		6BC4242929D23F7800F6EEAB /* AppCoordinator.swift in Sources */ = {isa = PBXBuildFile; fileRef = 6BC4242829D23F7800F6EEAB /* AppCoordinator.swift */; };
		6BC4243029D2441600F6EEAB /* LoginCoordinator.swift in Sources */ = {isa = PBXBuildFile; fileRef = 6BC4242F29D2441600F6EEAB /* LoginCoordinator.swift */; };
		6BC4243229D2444500F6EEAB /* LoginViewController.swift in Sources */ = {isa = PBXBuildFile; fileRef = 6BC4243129D2444500F6EEAB /* LoginViewController.swift */; };
		6BC4243629D244CF00F6EEAB /* SnapKit in Frameworks */ = {isa = PBXBuildFile; productRef = 6BC4243529D244CF00F6EEAB /* SnapKit */; };
		6BC4243929D244FB00F6EEAB /* ColorPalette.swift in Sources */ = {isa = PBXBuildFile; fileRef = 6BC4243829D244FB00F6EEAB /* ColorPalette.swift */; };
		6BC4243E29D24AF500F6EEAB /* EmployeeViewController.swift in Sources */ = {isa = PBXBuildFile; fileRef = 6BC4243D29D24AF500F6EEAB /* EmployeeViewController.swift */; };
		6BC4244329D3852500F6EEAB /* AUUUsernameStep.swift in Sources */ = {isa = PBXBuildFile; fileRef = 6BC4244229D3852500F6EEAB /* AUUUsernameStep.swift */; };
		6BC4244629D3896400F6EEAB /* AUUCoordinator.swift in Sources */ = {isa = PBXBuildFile; fileRef = 6BC4244529D3896400F6EEAB /* AUUCoordinator.swift */; };
		6BC4244829D38C7D00F6EEAB /* PaddingTextField.swift in Sources */ = {isa = PBXBuildFile; fileRef = 6BC4244729D38C7D00F6EEAB /* PaddingTextField.swift */; };
		6BC4244A29D38DF600F6EEAB /* AUUCommonViewController.swift in Sources */ = {isa = PBXBuildFile; fileRef = 6BC4244929D38DF600F6EEAB /* AUUCommonViewController.swift */; };
		6BCC861929E3859900190AB0 /* UserDetailView.swift in Sources */ = {isa = PBXBuildFile; fileRef = 6BCC861829E3859900190AB0 /* UserDetailView.swift */; };
		6BCC861B29E385CA00190AB0 /* HeaderComponent.swift in Sources */ = {isa = PBXBuildFile; fileRef = 6BCC861A29E385CA00190AB0 /* HeaderComponent.swift */; };
		6BCC861D29E3953A00190AB0 /* Icons.swift in Sources */ = {isa = PBXBuildFile; fileRef = 6BCC861C29E3953A00190AB0 /* Icons.swift */; };
		6BF5409E29D39643004A740A /* AUUClarifyStep.swift in Sources */ = {isa = PBXBuildFile; fileRef = 6BF5409D29D39643004A740A /* AUUClarifyStep.swift */; };
		6BF540A129D3B776004A740A /* Alamofire in Frameworks */ = {isa = PBXBuildFile; productRef = 6BF540A029D3B776004A740A /* Alamofire */; };
		6BF540ED29E38094004A740A /* PendingCompletions.swift in Sources */ = {isa = PBXBuildFile; fileRef = 6BF540C729E38094004A740A /* PendingCompletions.swift */; };
		6BF540EE29E38094004A740A /* VacationTimer.swift in Sources */ = {isa = PBXBuildFile; fileRef = 6BF540C829E38094004A740A /* VacationTimer.swift */; };
		6BF540EF29E38094004A740A /* String+Email.swift in Sources */ = {isa = PBXBuildFile; fileRef = 6BF540CA29E38094004A740A /* String+Email.swift */; };
		6BF540F029E38094004A740A /* Result+Void.swift in Sources */ = {isa = PBXBuildFile; fileRef = 6BF540CB29E38094004A740A /* Result+Void.swift */; };
		6BF540F129E38094004A740A /* prettyPrintedJSONString.swift in Sources */ = {isa = PBXBuildFile; fileRef = 6BF540CC29E38094004A740A /* prettyPrintedJSONString.swift */; };
		6BF540F229E38094004A740A /* VacationLogger.swift in Sources */ = {isa = PBXBuildFile; fileRef = 6BF540CD29E38094004A740A /* VacationLogger.swift */; };
		6BF540F329E38094004A740A /* Server.swift in Sources */ = {isa = PBXBuildFile; fileRef = 6BF540CF29E38094004A740A /* Server.swift */; };
		6BF540F429E38094004A740A /* VacationCallback.swift in Sources */ = {isa = PBXBuildFile; fileRef = 6BF540D029E38094004A740A /* VacationCallback.swift */; };
		6BF540FA29E38094004A740A /* VacationDataRequest.swift in Sources */ = {isa = PBXBuildFile; fileRef = 6BF540D929E38094004A740A /* VacationDataRequest.swift */; };
		6BF540FB29E38094004A740A /* ModernAsyncAwaitExample.swift in Sources */ = {isa = PBXBuildFile; fileRef = 6BF540DA29E38094004A740A /* ModernAsyncAwaitExample.swift */; };
		6BF540FC29E38094004A740A /* VacationDataTaskResponse.swift in Sources */ = {isa = PBXBuildFile; fileRef = 6BF540DD29E38094004A740A /* VacationDataTaskResponse.swift */; };
		6BF540FD29E38094004A740A /* VacationDataTaskResponseError.swift in Sources */ = {isa = PBXBuildFile; fileRef = 6BF540DE29E38094004A740A /* VacationDataTaskResponseError.swift */; };
		6BF540FE29E38094004A740A /* VacationDataTaskResponseErrorReason.swift in Sources */ = {isa = PBXBuildFile; fileRef = 6BF540DF29E38094004A740A /* VacationDataTaskResponseErrorReason.swift */; };
		6BF540FF29E38094004A740A /* VacationAsyncRequestHandler.swift in Sources */ = {isa = PBXBuildFile; fileRef = 6BF540E129E38094004A740A /* VacationAsyncRequestHandler.swift */; };
		6BF5410029E38094004A740A /* AsyncRequestHandler+TypeErasure.swift in Sources */ = {isa = PBXBuildFile; fileRef = 6BF540E229E38094004A740A /* AsyncRequestHandler+TypeErasure.swift */; };
		6BF5410129E38094004A740A /* VacationDataTaskPerformer.swift in Sources */ = {isa = PBXBuildFile; fileRef = 6BF540E329E38094004A740A /* VacationDataTaskPerformer.swift */; };
		6BF5410229E38094004A740A /* VacationDataTask.swift in Sources */ = {isa = PBXBuildFile; fileRef = 6BF540E429E38094004A740A /* VacationDataTask.swift */; };
		6BF5410329E38094004A740A /* VacationPerformableDataTask.swift in Sources */ = {isa = PBXBuildFile; fileRef = 6BF540E529E38094004A740A /* VacationPerformableDataTask.swift */; };
		6BF5410429E38094004A740A /* ContentTypeInterceptor.swift in Sources */ = {isa = PBXBuildFile; fileRef = 6BF540E729E38094004A740A /* ContentTypeInterceptor.swift */; };
		6BF5410529E38094004A740A /* ChainExample.swift in Sources */ = {isa = PBXBuildFile; fileRef = 6BF540E829E38094004A740A /* ChainExample.swift */; };
		6BF5410629E38094004A740A /* VacationSession+DataTasks.swift in Sources */ = {isa = PBXBuildFile; fileRef = 6BF540EA29E38094004A740A /* VacationSession+DataTasks.swift */; };
		6BF5410729E38094004A740A /* VacationSession+DataRequests.swift in Sources */ = {isa = PBXBuildFile; fileRef = 6BF540EB29E38094004A740A /* VacationSession+DataRequests.swift */; };
		6BF5410829E38094004A740A /* VacationSession.swift in Sources */ = {isa = PBXBuildFile; fileRef = 6BF540EC29E38094004A740A /* VacationSession.swift */; };
/* End PBXBuildFile section */

/* Begin PBXFileReference section */
		6BC4241129D23D6E00F6EEAB /* Vacation.app */ = {isa = PBXFileReference; explicitFileType = wrapper.application; includeInIndex = 0; path = Vacation.app; sourceTree = BUILT_PRODUCTS_DIR; };
		6BC4241429D23D6E00F6EEAB /* AppDelegate.swift */ = {isa = PBXFileReference; lastKnownFileType = sourcecode.swift; path = AppDelegate.swift; sourceTree = "<group>"; };
		6BC4241629D23D6E00F6EEAB /* SceneDelegate.swift */ = {isa = PBXFileReference; lastKnownFileType = sourcecode.swift; path = SceneDelegate.swift; sourceTree = "<group>"; };
		6BC4241829D23D6E00F6EEAB /* ViewController.swift */ = {isa = PBXFileReference; lastKnownFileType = sourcecode.swift; path = ViewController.swift; sourceTree = "<group>"; };
		6BC4241D29D23D7000F6EEAB /* Assets.xcassets */ = {isa = PBXFileReference; lastKnownFileType = folder.assetcatalog; path = Assets.xcassets; sourceTree = "<group>"; };
		6BC4242029D23D7000F6EEAB /* Base */ = {isa = PBXFileReference; lastKnownFileType = file.storyboard; name = Base; path = Base.lproj/LaunchScreen.storyboard; sourceTree = "<group>"; };
		6BC4242229D23D7000F6EEAB /* Info.plist */ = {isa = PBXFileReference; lastKnownFileType = text.plist.xml; path = Info.plist; sourceTree = "<group>"; };
		6BC4242829D23F7800F6EEAB /* AppCoordinator.swift */ = {isa = PBXFileReference; lastKnownFileType = sourcecode.swift; path = AppCoordinator.swift; sourceTree = "<group>"; };
		6BC4242F29D2441600F6EEAB /* LoginCoordinator.swift */ = {isa = PBXFileReference; lastKnownFileType = sourcecode.swift; path = LoginCoordinator.swift; sourceTree = "<group>"; };
		6BC4243129D2444500F6EEAB /* LoginViewController.swift */ = {isa = PBXFileReference; lastKnownFileType = sourcecode.swift; path = LoginViewController.swift; sourceTree = "<group>"; };
		6BC4243829D244FB00F6EEAB /* ColorPalette.swift */ = {isa = PBXFileReference; lastKnownFileType = sourcecode.swift; path = ColorPalette.swift; sourceTree = "<group>"; };
		6BC4243D29D24AF500F6EEAB /* EmployeeViewController.swift */ = {isa = PBXFileReference; lastKnownFileType = sourcecode.swift; path = EmployeeViewController.swift; sourceTree = "<group>"; };
		6BC4244229D3852500F6EEAB /* AUUUsernameStep.swift */ = {isa = PBXFileReference; lastKnownFileType = sourcecode.swift; path = AUUUsernameStep.swift; sourceTree = "<group>"; };
		6BC4244529D3896400F6EEAB /* AUUCoordinator.swift */ = {isa = PBXFileReference; lastKnownFileType = sourcecode.swift; path = AUUCoordinator.swift; sourceTree = "<group>"; };
		6BC4244729D38C7D00F6EEAB /* PaddingTextField.swift */ = {isa = PBXFileReference; lastKnownFileType = sourcecode.swift; path = PaddingTextField.swift; sourceTree = "<group>"; };
		6BC4244929D38DF600F6EEAB /* AUUCommonViewController.swift */ = {isa = PBXFileReference; lastKnownFileType = sourcecode.swift; path = AUUCommonViewController.swift; sourceTree = "<group>"; };
		6BCC861829E3859900190AB0 /* UserDetailView.swift */ = {isa = PBXFileReference; lastKnownFileType = sourcecode.swift; path = UserDetailView.swift; sourceTree = "<group>"; };
		6BCC861A29E385CA00190AB0 /* HeaderComponent.swift */ = {isa = PBXFileReference; lastKnownFileType = sourcecode.swift; path = HeaderComponent.swift; sourceTree = "<group>"; };
		6BCC861C29E3953A00190AB0 /* Icons.swift */ = {isa = PBXFileReference; lastKnownFileType = sourcecode.swift; path = Icons.swift; sourceTree = "<group>"; };
		6BF5409D29D39643004A740A /* AUUClarifyStep.swift */ = {isa = PBXFileReference; lastKnownFileType = sourcecode.swift; path = AUUClarifyStep.swift; sourceTree = "<group>"; };
		6BF540C729E38094004A740A /* PendingCompletions.swift */ = {isa = PBXFileReference; fileEncoding = 4; lastKnownFileType = sourcecode.swift; path = PendingCompletions.swift; sourceTree = "<group>"; };
		6BF540C829E38094004A740A /* VacationTimer.swift */ = {isa = PBXFileReference; fileEncoding = 4; lastKnownFileType = sourcecode.swift; path = VacationTimer.swift; sourceTree = "<group>"; };
		6BF540CA29E38094004A740A /* String+Email.swift */ = {isa = PBXFileReference; fileEncoding = 4; lastKnownFileType = sourcecode.swift; path = "String+Email.swift"; sourceTree = "<group>"; };
		6BF540CB29E38094004A740A /* Result+Void.swift */ = {isa = PBXFileReference; fileEncoding = 4; lastKnownFileType = sourcecode.swift; path = "Result+Void.swift"; sourceTree = "<group>"; };
		6BF540CC29E38094004A740A /* prettyPrintedJSONString.swift */ = {isa = PBXFileReference; fileEncoding = 4; lastKnownFileType = sourcecode.swift; path = prettyPrintedJSONString.swift; sourceTree = "<group>"; };
		6BF540CD29E38094004A740A /* VacationLogger.swift */ = {isa = PBXFileReference; fileEncoding = 4; lastKnownFileType = sourcecode.swift; path = VacationLogger.swift; sourceTree = "<group>"; };
		6BF540CF29E38094004A740A /* Server.swift */ = {isa = PBXFileReference; fileEncoding = 4; lastKnownFileType = sourcecode.swift; path = Server.swift; sourceTree = "<group>"; };
		6BF540D029E38094004A740A /* VacationCallback.swift */ = {isa = PBXFileReference; fileEncoding = 4; lastKnownFileType = sourcecode.swift; path = VacationCallback.swift; sourceTree = "<group>"; };
		6BF540D929E38094004A740A /* VacationDataRequest.swift */ = {isa = PBXFileReference; fileEncoding = 4; lastKnownFileType = sourcecode.swift; path = VacationDataRequest.swift; sourceTree = "<group>"; };
		6BF540DA29E38094004A740A /* ModernAsyncAwaitExample.swift */ = {isa = PBXFileReference; fileEncoding = 4; lastKnownFileType = sourcecode.swift; path = ModernAsyncAwaitExample.swift; sourceTree = "<group>"; };
		6BF540DD29E38094004A740A /* VacationDataTaskResponse.swift */ = {isa = PBXFileReference; fileEncoding = 4; lastKnownFileType = sourcecode.swift; path = VacationDataTaskResponse.swift; sourceTree = "<group>"; };
		6BF540DE29E38094004A740A /* VacationDataTaskResponseError.swift */ = {isa = PBXFileReference; fileEncoding = 4; lastKnownFileType = sourcecode.swift; path = VacationDataTaskResponseError.swift; sourceTree = "<group>"; };
		6BF540DF29E38094004A740A /* VacationDataTaskResponseErrorReason.swift */ = {isa = PBXFileReference; fileEncoding = 4; lastKnownFileType = sourcecode.swift; path = VacationDataTaskResponseErrorReason.swift; sourceTree = "<group>"; };
		6BF540E129E38094004A740A /* VacationAsyncRequestHandler.swift */ = {isa = PBXFileReference; fileEncoding = 4; lastKnownFileType = sourcecode.swift; path = VacationAsyncRequestHandler.swift; sourceTree = "<group>"; };
		6BF540E229E38094004A740A /* AsyncRequestHandler+TypeErasure.swift */ = {isa = PBXFileReference; fileEncoding = 4; lastKnownFileType = sourcecode.swift; path = "AsyncRequestHandler+TypeErasure.swift"; sourceTree = "<group>"; };
		6BF540E329E38094004A740A /* VacationDataTaskPerformer.swift */ = {isa = PBXFileReference; fileEncoding = 4; lastKnownFileType = sourcecode.swift; path = VacationDataTaskPerformer.swift; sourceTree = "<group>"; };
		6BF540E429E38094004A740A /* VacationDataTask.swift */ = {isa = PBXFileReference; fileEncoding = 4; lastKnownFileType = sourcecode.swift; path = VacationDataTask.swift; sourceTree = "<group>"; };
		6BF540E529E38094004A740A /* VacationPerformableDataTask.swift */ = {isa = PBXFileReference; fileEncoding = 4; lastKnownFileType = sourcecode.swift; path = VacationPerformableDataTask.swift; sourceTree = "<group>"; };
		6BF540E729E38094004A740A /* ContentTypeInterceptor.swift */ = {isa = PBXFileReference; fileEncoding = 4; lastKnownFileType = sourcecode.swift; path = ContentTypeInterceptor.swift; sourceTree = "<group>"; };
		6BF540E829E38094004A740A /* ChainExample.swift */ = {isa = PBXFileReference; fileEncoding = 4; lastKnownFileType = sourcecode.swift; path = ChainExample.swift; sourceTree = "<group>"; };
		6BF540EA29E38094004A740A /* VacationSession+DataTasks.swift */ = {isa = PBXFileReference; fileEncoding = 4; lastKnownFileType = sourcecode.swift; path = "VacationSession+DataTasks.swift"; sourceTree = "<group>"; };
		6BF540EB29E38094004A740A /* VacationSession+DataRequests.swift */ = {isa = PBXFileReference; fileEncoding = 4; lastKnownFileType = sourcecode.swift; path = "VacationSession+DataRequests.swift"; sourceTree = "<group>"; };
		6BF540EC29E38094004A740A /* VacationSession.swift */ = {isa = PBXFileReference; fileEncoding = 4; lastKnownFileType = sourcecode.swift; path = VacationSession.swift; sourceTree = "<group>"; };
/* End PBXFileReference section */

/* Begin PBXFrameworksBuildPhase section */
		6BC4240E29D23D6E00F6EEAB /* Frameworks */ = {
			isa = PBXFrameworksBuildPhase;
			buildActionMask = 2147483647;
			files = (
				6BC4243629D244CF00F6EEAB /* SnapKit in Frameworks */,
				6BF540A129D3B776004A740A /* Alamofire in Frameworks */,
			);
			runOnlyForDeploymentPostprocessing = 0;
		};
/* End PBXFrameworksBuildPhase section */

/* Begin PBXGroup section */
		6BC4240829D23D6E00F6EEAB = {
			isa = PBXGroup;
			children = (
				6BC4241329D23D6E00F6EEAB /* Vacation */,
				6BC4241229D23D6E00F6EEAB /* Products */,
			);
			sourceTree = "<group>";
		};
		6BC4241229D23D6E00F6EEAB /* Products */ = {
			isa = PBXGroup;
			children = (
				6BC4241129D23D6E00F6EEAB /* Vacation.app */,
			);
			name = Products;
			sourceTree = "<group>";
		};
		6BC4241329D23D6E00F6EEAB /* Vacation */ = {
			isa = PBXGroup;
			children = (
				6BCC861729E3851D00190AB0 /* UserDetailView */,
				6BF540C429E3807F004A740A /* Foundation */,
				6BC4243A29D24A8A00F6EEAB /* Employee */,
				6BC4243729D244E200F6EEAB /* Common */,
				6BC4242E29D243F900F6EEAB /* Admin */,
				6BC4242D29D243F400F6EEAB /* Login */,
				6BC4241429D23D6E00F6EEAB /* AppDelegate.swift */,
				6BC4241629D23D6E00F6EEAB /* SceneDelegate.swift */,
				6BC4241829D23D6E00F6EEAB /* ViewController.swift */,
				6BC4241D29D23D7000F6EEAB /* Assets.xcassets */,
				6BC4241F29D23D7000F6EEAB /* LaunchScreen.storyboard */,
				6BC4242229D23D7000F6EEAB /* Info.plist */,
				6BC4242829D23F7800F6EEAB /* AppCoordinator.swift */,
			);
			path = Vacation;
			sourceTree = "<group>";
		};
		6BC4242D29D243F400F6EEAB /* Login */ = {
			isa = PBXGroup;
			children = (
				6BC4242F29D2441600F6EEAB /* LoginCoordinator.swift */,
				6BC4243129D2444500F6EEAB /* LoginViewController.swift */,
			);
			path = Login;
			sourceTree = "<group>";
		};
		6BC4242E29D243F900F6EEAB /* Admin */ = {
			isa = PBXGroup;
			children = (
				6BC4244129D384F700F6EEAB /* AddUserUsecase */,
			);
			path = Admin;
			sourceTree = "<group>";
		};
		6BC4243729D244E200F6EEAB /* Common */ = {
			isa = PBXGroup;
			children = (
				6BC4243829D244FB00F6EEAB /* ColorPalette.swift */,
				6BC4244729D38C7D00F6EEAB /* PaddingTextField.swift */,
				6BCC861C29E3953A00190AB0 /* Icons.swift */,
			);
			path = Common;
			sourceTree = "<group>";
		};
		6BC4243A29D24A8A00F6EEAB /* Employee */ = {
			isa = PBXGroup;
			children = (
				6BC4243D29D24AF500F6EEAB /* EmployeeViewController.swift */,
			);
			path = Employee;
			sourceTree = "<group>";
		};
		6BC4244129D384F700F6EEAB /* AddUserUsecase */ = {
			isa = PBXGroup;
			children = (
				6BC4244229D3852500F6EEAB /* AUUUsernameStep.swift */,
				6BC4244529D3896400F6EEAB /* AUUCoordinator.swift */,
				6BC4244929D38DF600F6EEAB /* AUUCommonViewController.swift */,
				6BF5409D29D39643004A740A /* AUUClarifyStep.swift */,
			);
			path = AddUserUsecase;
			sourceTree = "<group>";
		};
		6BCC861729E3851D00190AB0 /* UserDetailView */ = {
			isa = PBXGroup;
			children = (
				6BCC861829E3859900190AB0 /* UserDetailView.swift */,
				6BCC861A29E385CA00190AB0 /* HeaderComponent.swift */,
			);
			path = UserDetailView;
			sourceTree = "<group>";
		};
		6BF540C429E3807F004A740A /* Foundation */ = {
			isa = PBXGroup;
			children = (
				6BF540C529E38094004A740A /* VacationFoundation */,
				6BF540D129E38094004A740A /* VacationNetworking */,
			);
			path = Foundation;
			sourceTree = "<group>";
		};
		6BF540C529E38094004A740A /* VacationFoundation */ = {
			isa = PBXGroup;
			children = (
				6BF540C629E38094004A740A /* PendingCompletions */,
				6BF540C829E38094004A740A /* VacationTimer.swift */,
				6BF540C929E38094004A740A /* Extensions */,
				6BF540CD29E38094004A740A /* VacationLogger.swift */,
				6BF540CE29E38094004A740A /* Environment */,
				6BF540D029E38094004A740A /* VacationCallback.swift */,
			);
			path = VacationFoundation;
			sourceTree = "<group>";
		};
		6BF540C629E38094004A740A /* PendingCompletions */ = {
			isa = PBXGroup;
			children = (
				6BF540C729E38094004A740A /* PendingCompletions.swift */,
			);
			path = PendingCompletions;
			sourceTree = "<group>";
		};
		6BF540C929E38094004A740A /* Extensions */ = {
			isa = PBXGroup;
			children = (
				6BF540CA29E38094004A740A /* String+Email.swift */,
				6BF540CB29E38094004A740A /* Result+Void.swift */,
				6BF540CC29E38094004A740A /* prettyPrintedJSONString.swift */,
			);
			path = Extensions;
			sourceTree = "<group>";
		};
		6BF540CE29E38094004A740A /* Environment */ = {
			isa = PBXGroup;
			children = (
				6BF540CF29E38094004A740A /* Server.swift */,
			);
			path = Environment;
			sourceTree = "<group>";
		};
		6BF540D129E38094004A740A /* VacationNetworking */ = {
			isa = PBXGroup;
			children = (
				6BF540D829E38094004A740A /* VacationDataRequest */,
				6BF540DA29E38094004A740A /* ModernAsyncAwaitExample.swift */,
				6BF540DB29E38094004A740A /* MTYDataTask */,
				6BF540E629E38094004A740A /* RequestAdapters */,
				6BF540E829E38094004A740A /* ChainExample.swift */,
				6BF540E929E38094004A740A /* Session */,
			);
			path = VacationNetworking;
			sourceTree = "<group>";
		};
		6BF540D829E38094004A740A /* VacationDataRequest */ = {
			isa = PBXGroup;
			children = (
				6BF540D929E38094004A740A /* VacationDataRequest.swift */,
			);
			path = VacationDataRequest;
			sourceTree = "<group>";
		};
		6BF540DB29E38094004A740A /* MTYDataTask */ = {
			isa = PBXGroup;
			children = (
				6BF540DC29E38094004A740A /* Response */,
				6BF540E029E38094004A740A /* AsyncRequestHandler */,
				6BF540E329E38094004A740A /* VacationDataTaskPerformer.swift */,
				6BF540E429E38094004A740A /* VacationDataTask.swift */,
				6BF540E529E38094004A740A /* VacationPerformableDataTask.swift */,
			);
			path = MTYDataTask;
			sourceTree = "<group>";
		};
		6BF540DC29E38094004A740A /* Response */ = {
			isa = PBXGroup;
			children = (
				6BF540DD29E38094004A740A /* VacationDataTaskResponse.swift */,
				6BF540DE29E38094004A740A /* VacationDataTaskResponseError.swift */,
				6BF540DF29E38094004A740A /* VacationDataTaskResponseErrorReason.swift */,
			);
			path = Response;
			sourceTree = "<group>";
		};
		6BF540E029E38094004A740A /* AsyncRequestHandler */ = {
			isa = PBXGroup;
			children = (
				6BF540E129E38094004A740A /* VacationAsyncRequestHandler.swift */,
				6BF540E229E38094004A740A /* AsyncRequestHandler+TypeErasure.swift */,
			);
			path = AsyncRequestHandler;
			sourceTree = "<group>";
		};
		6BF540E629E38094004A740A /* RequestAdapters */ = {
			isa = PBXGroup;
			children = (
				6BF540E729E38094004A740A /* ContentTypeInterceptor.swift */,
			);
			path = RequestAdapters;
			sourceTree = "<group>";
		};
		6BF540E929E38094004A740A /* Session */ = {
			isa = PBXGroup;
			children = (
				6BF540EA29E38094004A740A /* VacationSession+DataTasks.swift */,
				6BF540EB29E38094004A740A /* VacationSession+DataRequests.swift */,
				6BF540EC29E38094004A740A /* VacationSession.swift */,
			);
			path = Session;
			sourceTree = "<group>";
		};
/* End PBXGroup section */

/* Begin PBXNativeTarget section */
		6BC4241029D23D6E00F6EEAB /* Vacation */ = {
			isa = PBXNativeTarget;
			buildConfigurationList = 6BC4242529D23D7000F6EEAB /* Build configuration list for PBXNativeTarget "Vacation" */;
			buildPhases = (
				6BC4240D29D23D6E00F6EEAB /* Sources */,
				6BC4240E29D23D6E00F6EEAB /* Frameworks */,
				6BC4240F29D23D6E00F6EEAB /* Resources */,
			);
			buildRules = (
			);
			dependencies = (
			);
			name = Vacation;
			packageProductDependencies = (
				6BC4243529D244CF00F6EEAB /* SnapKit */,
				6BF540A029D3B776004A740A /* Alamofire */,
			);
			productName = Vacation;
			productReference = 6BC4241129D23D6E00F6EEAB /* Vacation.app */;
			productType = "com.apple.product-type.application";
		};
/* End PBXNativeTarget section */

/* Begin PBXProject section */
		6BC4240929D23D6E00F6EEAB /* Project object */ = {
			isa = PBXProject;
			attributes = {
				BuildIndependentTargetsInParallel = 1;
				LastSwiftUpdateCheck = 1420;
				LastUpgradeCheck = 1420;
				TargetAttributes = {
					6BC4241029D23D6E00F6EEAB = {
						CreatedOnToolsVersion = 14.2;
					};
				};
			};
			buildConfigurationList = 6BC4240C29D23D6E00F6EEAB /* Build configuration list for PBXProject "Vacation" */;
			compatibilityVersion = "Xcode 14.0";
			developmentRegion = en;
			hasScannedForEncodings = 0;
			knownRegions = (
				en,
				Base,
			);
			mainGroup = 6BC4240829D23D6E00F6EEAB;
			packageReferences = (
				6BC4243429D244CF00F6EEAB /* XCRemoteSwiftPackageReference "SnapKit" */,
				6BF5409F29D3B776004A740A /* XCRemoteSwiftPackageReference "Alamofire" */,
			);
			productRefGroup = 6BC4241229D23D6E00F6EEAB /* Products */;
			projectDirPath = "";
			projectRoot = "";
			targets = (
				6BC4241029D23D6E00F6EEAB /* Vacation */,
			);
		};
/* End PBXProject section */

/* Begin PBXResourcesBuildPhase section */
		6BC4240F29D23D6E00F6EEAB /* Resources */ = {
			isa = PBXResourcesBuildPhase;
			buildActionMask = 2147483647;
			files = (
				6BC4242129D23D7000F6EEAB /* LaunchScreen.storyboard in Resources */,
				6BC4241E29D23D7000F6EEAB /* Assets.xcassets in Resources */,
			);
			runOnlyForDeploymentPostprocessing = 0;
		};
/* End PBXResourcesBuildPhase section */

/* Begin PBXSourcesBuildPhase section */
		6BC4240D29D23D6E00F6EEAB /* Sources */ = {
			isa = PBXSourcesBuildPhase;
			buildActionMask = 2147483647;
			files = (
				6BF5410129E38094004A740A /* VacationDataTaskPerformer.swift in Sources */,
				6BC4243929D244FB00F6EEAB /* ColorPalette.swift in Sources */,
				6BF540FD29E38094004A740A /* VacationDataTaskResponseError.swift in Sources */,
				6BC4244829D38C7D00F6EEAB /* PaddingTextField.swift in Sources */,
				6BC4244329D3852500F6EEAB /* AUUUsernameStep.swift in Sources */,
				6BC4244629D3896400F6EEAB /* AUUCoordinator.swift in Sources */,
				6BC4243E29D24AF500F6EEAB /* EmployeeViewController.swift in Sources */,
				6BC4243229D2444500F6EEAB /* LoginViewController.swift in Sources */,
				6BC4242929D23F7800F6EEAB /* AppCoordinator.swift in Sources */,
				6BF540EF29E38094004A740A /* String+Email.swift in Sources */,
				6BF540F429E38094004A740A /* VacationCallback.swift in Sources */,
				6BC4241929D23D6E00F6EEAB /* ViewController.swift in Sources */,
				6BF5409E29D39643004A740A /* AUUClarifyStep.swift in Sources */,
				6BF5410229E38094004A740A /* VacationDataTask.swift in Sources */,
				6BF540F329E38094004A740A /* Server.swift in Sources */,
				6BF5410729E38094004A740A /* VacationSession+DataRequests.swift in Sources */,
				6BF540EE29E38094004A740A /* VacationTimer.swift in Sources */,
				6BC4243029D2441600F6EEAB /* LoginCoordinator.swift in Sources */,
				6BC4241529D23D6E00F6EEAB /* AppDelegate.swift in Sources */,
				6BF5410029E38094004A740A /* AsyncRequestHandler+TypeErasure.swift in Sources */,
				6BCC861929E3859900190AB0 /* UserDetailView.swift in Sources */,
				6BF540F029E38094004A740A /* Result+Void.swift in Sources */,
				6BCC861B29E385CA00190AB0 /* HeaderComponent.swift in Sources */,
				6BF540FB29E38094004A740A /* ModernAsyncAwaitExample.swift in Sources */,
				6BC4241729D23D6E00F6EEAB /* SceneDelegate.swift in Sources */,
				6BF540FA29E38094004A740A /* VacationDataRequest.swift in Sources */,
				6BCC861D29E3953A00190AB0 /* Icons.swift in Sources */,
				6BF5410829E38094004A740A /* VacationSession.swift in Sources */,
				6BF5410629E38094004A740A /* VacationSession+DataTasks.swift in Sources */,
				6BF540FF29E38094004A740A /* VacationAsyncRequestHandler.swift in Sources */,
				6BF540FE29E38094004A740A /* VacationDataTaskResponseErrorReason.swift in Sources */,
				6BF5410429E38094004A740A /* ContentTypeInterceptor.swift in Sources */,
				6BF5410529E38094004A740A /* ChainExample.swift in Sources */,
				6BF540F129E38094004A740A /* prettyPrintedJSONString.swift in Sources */,
				6BC4244A29D38DF600F6EEAB /* AUUCommonViewController.swift in Sources */,
				6BF540ED29E38094004A740A /* PendingCompletions.swift in Sources */,
				6BF540FC29E38094004A740A /* VacationDataTaskResponse.swift in Sources */,
				6BF5410329E38094004A740A /* VacationPerformableDataTask.swift in Sources */,
				6BF540F229E38094004A740A /* VacationLogger.swift in Sources */,
			);
			runOnlyForDeploymentPostprocessing = 0;
		};
/* End PBXSourcesBuildPhase section */

/* Begin PBXVariantGroup section */
		6BC4241F29D23D7000F6EEAB /* LaunchScreen.storyboard */ = {
			isa = PBXVariantGroup;
			children = (
				6BC4242029D23D7000F6EEAB /* Base */,
			);
			name = LaunchScreen.storyboard;
			sourceTree = "<group>";
		};
/* End PBXVariantGroup section */

/* Begin XCBuildConfiguration section */
		6BC4242329D23D7000F6EEAB /* Debug */ = {
			isa = XCBuildConfiguration;
			buildSettings = {
				ALWAYS_SEARCH_USER_PATHS = NO;
				CLANG_ANALYZER_NONNULL = YES;
				CLANG_ANALYZER_NUMBER_OBJECT_CONVERSION = YES_AGGRESSIVE;
				CLANG_CXX_LANGUAGE_STANDARD = "gnu++20";
				CLANG_ENABLE_MODULES = YES;
				CLANG_ENABLE_OBJC_ARC = YES;
				CLANG_ENABLE_OBJC_WEAK = YES;
				CLANG_WARN_BLOCK_CAPTURE_AUTORELEASING = YES;
				CLANG_WARN_BOOL_CONVERSION = YES;
				CLANG_WARN_COMMA = YES;
				CLANG_WARN_CONSTANT_CONVERSION = YES;
				CLANG_WARN_DEPRECATED_OBJC_IMPLEMENTATIONS = YES;
				CLANG_WARN_DIRECT_OBJC_ISA_USAGE = YES_ERROR;
				CLANG_WARN_DOCUMENTATION_COMMENTS = YES;
				CLANG_WARN_EMPTY_BODY = YES;
				CLANG_WARN_ENUM_CONVERSION = YES;
				CLANG_WARN_INFINITE_RECURSION = YES;
				CLANG_WARN_INT_CONVERSION = YES;
				CLANG_WARN_NON_LITERAL_NULL_CONVERSION = YES;
				CLANG_WARN_OBJC_IMPLICIT_RETAIN_SELF = YES;
				CLANG_WARN_OBJC_LITERAL_CONVERSION = YES;
				CLANG_WARN_OBJC_ROOT_CLASS = YES_ERROR;
				CLANG_WARN_QUOTED_INCLUDE_IN_FRAMEWORK_HEADER = YES;
				CLANG_WARN_RANGE_LOOP_ANALYSIS = YES;
				CLANG_WARN_STRICT_PROTOTYPES = YES;
				CLANG_WARN_SUSPICIOUS_MOVE = YES;
				CLANG_WARN_UNGUARDED_AVAILABILITY = YES_AGGRESSIVE;
				CLANG_WARN_UNREACHABLE_CODE = YES;
				CLANG_WARN__DUPLICATE_METHOD_MATCH = YES;
				COPY_PHASE_STRIP = NO;
				DEBUG_INFORMATION_FORMAT = dwarf;
				ENABLE_STRICT_OBJC_MSGSEND = YES;
				ENABLE_TESTABILITY = YES;
				GCC_C_LANGUAGE_STANDARD = gnu11;
				GCC_DYNAMIC_NO_PIC = NO;
				GCC_NO_COMMON_BLOCKS = YES;
				GCC_OPTIMIZATION_LEVEL = 0;
				GCC_PREPROCESSOR_DEFINITIONS = (
					"DEBUG=1",
					"$(inherited)",
				);
				GCC_WARN_64_TO_32_BIT_CONVERSION = YES;
				GCC_WARN_ABOUT_RETURN_TYPE = YES_ERROR;
				GCC_WARN_UNDECLARED_SELECTOR = YES;
				GCC_WARN_UNINITIALIZED_AUTOS = YES_AGGRESSIVE;
				GCC_WARN_UNUSED_FUNCTION = YES;
				GCC_WARN_UNUSED_VARIABLE = YES;
				IPHONEOS_DEPLOYMENT_TARGET = 16.2;
				MTL_ENABLE_DEBUG_INFO = INCLUDE_SOURCE;
				MTL_FAST_MATH = YES;
				ONLY_ACTIVE_ARCH = YES;
				SDKROOT = iphoneos;
				SWIFT_ACTIVE_COMPILATION_CONDITIONS = DEBUG;
				SWIFT_OPTIMIZATION_LEVEL = "-Onone";
			};
			name = Debug;
		};
		6BC4242429D23D7000F6EEAB /* Release */ = {
			isa = XCBuildConfiguration;
			buildSettings = {
				ALWAYS_SEARCH_USER_PATHS = NO;
				CLANG_ANALYZER_NONNULL = YES;
				CLANG_ANALYZER_NUMBER_OBJECT_CONVERSION = YES_AGGRESSIVE;
				CLANG_CXX_LANGUAGE_STANDARD = "gnu++20";
				CLANG_ENABLE_MODULES = YES;
				CLANG_ENABLE_OBJC_ARC = YES;
				CLANG_ENABLE_OBJC_WEAK = YES;
				CLANG_WARN_BLOCK_CAPTURE_AUTORELEASING = YES;
				CLANG_WARN_BOOL_CONVERSION = YES;
				CLANG_WARN_COMMA = YES;
				CLANG_WARN_CONSTANT_CONVERSION = YES;
				CLANG_WARN_DEPRECATED_OBJC_IMPLEMENTATIONS = YES;
				CLANG_WARN_DIRECT_OBJC_ISA_USAGE = YES_ERROR;
				CLANG_WARN_DOCUMENTATION_COMMENTS = YES;
				CLANG_WARN_EMPTY_BODY = YES;
				CLANG_WARN_ENUM_CONVERSION = YES;
				CLANG_WARN_INFINITE_RECURSION = YES;
				CLANG_WARN_INT_CONVERSION = YES;
				CLANG_WARN_NON_LITERAL_NULL_CONVERSION = YES;
				CLANG_WARN_OBJC_IMPLICIT_RETAIN_SELF = YES;
				CLANG_WARN_OBJC_LITERAL_CONVERSION = YES;
				CLANG_WARN_OBJC_ROOT_CLASS = YES_ERROR;
				CLANG_WARN_QUOTED_INCLUDE_IN_FRAMEWORK_HEADER = YES;
				CLANG_WARN_RANGE_LOOP_ANALYSIS = YES;
				CLANG_WARN_STRICT_PROTOTYPES = YES;
				CLANG_WARN_SUSPICIOUS_MOVE = YES;
				CLANG_WARN_UNGUARDED_AVAILABILITY = YES_AGGRESSIVE;
				CLANG_WARN_UNREACHABLE_CODE = YES;
				CLANG_WARN__DUPLICATE_METHOD_MATCH = YES;
				COPY_PHASE_STRIP = NO;
				DEBUG_INFORMATION_FORMAT = "dwarf-with-dsym";
				ENABLE_NS_ASSERTIONS = NO;
				ENABLE_STRICT_OBJC_MSGSEND = YES;
				GCC_C_LANGUAGE_STANDARD = gnu11;
				GCC_NO_COMMON_BLOCKS = YES;
				GCC_WARN_64_TO_32_BIT_CONVERSION = YES;
				GCC_WARN_ABOUT_RETURN_TYPE = YES_ERROR;
				GCC_WARN_UNDECLARED_SELECTOR = YES;
				GCC_WARN_UNINITIALIZED_AUTOS = YES_AGGRESSIVE;
				GCC_WARN_UNUSED_FUNCTION = YES;
				GCC_WARN_UNUSED_VARIABLE = YES;
				IPHONEOS_DEPLOYMENT_TARGET = 16.2;
				MTL_ENABLE_DEBUG_INFO = NO;
				MTL_FAST_MATH = YES;
				SDKROOT = iphoneos;
				SWIFT_COMPILATION_MODE = wholemodule;
				SWIFT_OPTIMIZATION_LEVEL = "-O";
				VALIDATE_PRODUCT = YES;
			};
			name = Release;
		};
		6BC4242629D23D7000F6EEAB /* Debug */ = {
			isa = XCBuildConfiguration;
			buildSettings = {
				ASSETCATALOG_COMPILER_APPICON_NAME = AppIcon;
				ASSETCATALOG_COMPILER_GLOBAL_ACCENT_COLOR_NAME = AccentColor;
				CODE_SIGN_STYLE = Automatic;
				CURRENT_PROJECT_VERSION = 1;
				GENERATE_INFOPLIST_FILE = YES;
				INFOPLIST_FILE = Vacation/Info.plist;
				INFOPLIST_KEY_UIApplicationSupportsIndirectInputEvents = YES;
				INFOPLIST_KEY_UILaunchStoryboardName = LaunchScreen;
				INFOPLIST_KEY_UISupportedInterfaceOrientations_iPad = "UIInterfaceOrientationPortrait UIInterfaceOrientationPortraitUpsideDown UIInterfaceOrientationLandscapeLeft UIInterfaceOrientationLandscapeRight";
				INFOPLIST_KEY_UISupportedInterfaceOrientations_iPhone = "UIInterfaceOrientationPortrait UIInterfaceOrientationLandscapeLeft UIInterfaceOrientationLandscapeRight";
				LD_RUNPATH_SEARCH_PATHS = (
					"$(inherited)",
					"@executable_path/Frameworks",
				);
				MARKETING_VERSION = 1.0;
				PRODUCT_BUNDLE_IDENTIFIER = erokha.Vacation;
				PRODUCT_NAME = "$(TARGET_NAME)";
				SWIFT_EMIT_LOC_STRINGS = YES;
				SWIFT_VERSION = 5.0;
				TARGETED_DEVICE_FAMILY = "1,2";
			};
			name = Debug;
		};
		6BC4242729D23D7000F6EEAB /* Release */ = {
			isa = XCBuildConfiguration;
			buildSettings = {
				ASSETCATALOG_COMPILER_APPICON_NAME = AppIcon;
				ASSETCATALOG_COMPILER_GLOBAL_ACCENT_COLOR_NAME = AccentColor;
				CODE_SIGN_STYLE = Automatic;
				CURRENT_PROJECT_VERSION = 1;
				GENERATE_INFOPLIST_FILE = YES;
				INFOPLIST_FILE = Vacation/Info.plist;
				INFOPLIST_KEY_UIApplicationSupportsIndirectInputEvents = YES;
				INFOPLIST_KEY_UILaunchStoryboardName = LaunchScreen;
				INFOPLIST_KEY_UISupportedInterfaceOrientations_iPad = "UIInterfaceOrientationPortrait UIInterfaceOrientationPortraitUpsideDown UIInterfaceOrientationLandscapeLeft UIInterfaceOrientationLandscapeRight";
				INFOPLIST_KEY_UISupportedInterfaceOrientations_iPhone = "UIInterfaceOrientationPortrait UIInterfaceOrientationLandscapeLeft UIInterfaceOrientationLandscapeRight";
				LD_RUNPATH_SEARCH_PATHS = (
					"$(inherited)",
					"@executable_path/Frameworks",
				);
				MARKETING_VERSION = 1.0;
				PRODUCT_BUNDLE_IDENTIFIER = erokha.Vacation;
				PRODUCT_NAME = "$(TARGET_NAME)";
				SWIFT_EMIT_LOC_STRINGS = YES;
				SWIFT_VERSION = 5.0;
				TARGETED_DEVICE_FAMILY = "1,2";
			};
			name = Release;
		};
/* End XCBuildConfiguration section */

/* Begin XCConfigurationList section */
		6BC4240C29D23D6E00F6EEAB /* Build configuration list for PBXProject "Vacation" */ = {
			isa = XCConfigurationList;
			buildConfigurations = (
				6BC4242329D23D7000F6EEAB /* Debug */,
				6BC4242429D23D7000F6EEAB /* Release */,
			);
			defaultConfigurationIsVisible = 0;
			defaultConfigurationName = Release;
		};
		6BC4242529D23D7000F6EEAB /* Build configuration list for PBXNativeTarget "Vacation" */ = {
			isa = XCConfigurationList;
			buildConfigurations = (
				6BC4242629D23D7000F6EEAB /* Debug */,
				6BC4242729D23D7000F6EEAB /* Release */,
			);
			defaultConfigurationIsVisible = 0;
			defaultConfigurationName = Release;
		};
/* End XCConfigurationList section */

/* Begin XCRemoteSwiftPackageReference section */
		6BC4243429D244CF00F6EEAB /* XCRemoteSwiftPackageReference "SnapKit" */ = {
			isa = XCRemoteSwiftPackageReference;
			repositoryURL = "https://github.com/SnapKit/SnapKit.git";
			requirement = {
				kind = upToNextMajorVersion;
				minimumVersion = 5.0.0;
			};
		};
		6BF5409F29D3B776004A740A /* XCRemoteSwiftPackageReference "Alamofire" */ = {
			isa = XCRemoteSwiftPackageReference;
			repositoryURL = "https://github.com/Alamofire/Alamofire.git";
			requirement = {
				kind = upToNextMajorVersion;
				minimumVersion = 5.0.0;
			};
		};
/* End XCRemoteSwiftPackageReference section */

/* Begin XCSwiftPackageProductDependency section */
		6BC4243529D244CF00F6EEAB /* SnapKit */ = {
			isa = XCSwiftPackageProductDependency;
			package = 6BC4243429D244CF00F6EEAB /* XCRemoteSwiftPackageReference "SnapKit" */;
			productName = SnapKit;
		};
		6BF540A029D3B776004A740A /* Alamofire */ = {
			isa = XCSwiftPackageProductDependency;
			package = 6BF5409F29D3B776004A740A /* XCRemoteSwiftPackageReference "Alamofire" */;
			productName = Alamofire;
		};
/* End XCSwiftPackageProductDependency section */
	};
	rootObject = 6BC4240929D23D6E00F6EEAB /* Project object */;
}
